
Microsoft Visual Studio Solution File, Format Version 12.00
# Visual Studio Version 17
VisualStudioVersion = 17.9.34310.174
MinimumVisualStudioVersion = 10.0.40219.1
Project("{FAE04EC0-301F-11D3-BF4B-00C04F79EFBC}") = "XT.MNetDemo", "XT.MNetDemo.csproj", "{9FD63729-06A4-46C3-9C13-E7D7DE7AA091}"
EndProject
Project("{9A19103F-16F7-4668-BE54-9A1E7A4F7556}") = "XT.MNet", "..\XT.MNet\XT.MNet.csproj", "{2F4C761C-C2B2-4AC2-86AB-2728E333297D}"
EndProject
Global
	GlobalSection(SolutionConfigurationPlatforms) = preSolution
		Debug|Any CPU = Debug|Any CPU
		Release|Any CPU = Release|Any CPU
	EndGlobalSection
	GlobalSection(ProjectConfigurationPlatforms) = postSolution
		{9FD63729-06A4-46C3-9C13-E7D7DE7AA091}.Debug|Any CPU.ActiveCfg = Debug|Any CPU
		{9FD63729-06A4-46C3-9C13-E7D7DE7AA091}.Debug|Any CPU.Build.0 = Debug|Any CPU
		{9FD63729-06A4-46C3-9C13-E7D7DE7AA091}.Release|Any CPU.ActiveCfg = Release|Any CPU
		{9FD63729-06A4-46C3-9C13-E7D7DE7AA091}.Release|Any CPU.Build.0 = Release|Any CPU
		{2F4C761C-C2B2-4AC2-86AB-2728E333297D}.Debug|Any CPU.ActiveCfg = Debug|Any CPU
		{2F4C761C-C2B2-4AC2-86AB-2728E333297D}.Debug|Any CPU.Build.0 = Debug|Any CPU
		{2F4C761C-C2B2-4AC2-86AB-2728E333297D}.Release|Any CPU.ActiveCfg = Release|Any CPU
		{2F4C761C-C2B2-4AC2-86AB-2728E333297D}.Release|Any CPU.Build.0 = Release|Any CPU
	EndGlobalSection
	GlobalSection(SolutionProperties) = preSolution
		HideSolutionNode = FALSE
	EndGlobalSection
	GlobalSection(ExtensibilityGlobals) = postSolution
		SolutionGuid = {3A82A2A4-ED78-4428-8227-899C4B9C6131}
	EndGlobalSection
EndGlobal
